
Microsoft Visual Studio Solution File, Format Version 12.00
# Visual Studio Version 16
VisualStudioVersion = 16.0.30021.99
MinimumVisualStudioVersion = 10.0.40219.1
Project("{888888A0-9F3D-457C-B088-3A5042F75D52}") = "ImageCollectionWebSite", "ImageCollectionWebSite\ImageCollectionWebSite.pyproj", "{3312D9C5-043F-4800-A9F6-7A1C3DF39592}"
EndProject
Global
	GlobalSection(SolutionConfigurationPlatforms) = preSolution
		Debug|Any CPU = Debug|Any CPU
		Release|Any CPU = Release|Any CPU
	EndGlobalSection
	GlobalSection(ProjectConfigurationPlatforms) = postSolution
		{3312D9C5-043F-4800-A9F6-7A1C3DF39592}.Debug|Any CPU.ActiveCfg = Debug|Any CPU
		{3312D9C5-043F-4800-A9F6-7A1C3DF39592}.Debug|Any CPU.Build.0 = Debug|Any CPU
		{3312D9C5-043F-4800-A9F6-7A1C3DF39592}.Release|Any CPU.ActiveCfg = Release|Any CPU
		{3312D9C5-043F-4800-A9F6-7A1C3DF39592}.Release|Any CPU.Build.0 = Release|Any CPU
	EndGlobalSection
	GlobalSection(SolutionProperties) = preSolution
		HideSolutionNode = FALSE
	EndGlobalSection
	GlobalSection(ExtensibilityGlobals) = postSolution
		SolutionGuid = {98F92689-918E-4F16-963A-CDAE80D44B36}
	EndGlobalSection
EndGlobal
